
Microsoft Visual Studio Solution File, Format Version 12.00
# Visual Studio Version 16
VisualStudioVersion = 16.0.30011.22
MinimumVisualStudioVersion = 15.0.26124.0
Project("{2150E333-8FDC-42A3-9474-1A3956D46DE8}") = "domain", "domain", "{D5E2183D-1B45-42F6-B2CB-216595E7BD16}"
EndProject
Project("{9A19103F-16F7-4668-BE54-9A1E7A4F7556}") = "Store", "domain\Store\Store.csproj", "{949F3782-354B-4D03-9A8E-53F8813DF9EA}"
EndProject
Project("{2150E333-8FDC-42A3-9474-1A3956D46DE8}") = "infrastructure", "infrastructure", "{8D151186-934F-4686-941F-81DBEA38EDA6}"
EndProject
Project("{9A19103F-16F7-4668-BE54-9A1E7A4F7556}") = "Store.Memory", "infrastructure\Store.Memory\Store.Memory.csproj", "{18BB01E5-B0CA-415F-ABF3-A9377A9D7F89}"
EndProject
Project("{2150E333-8FDC-42A3-9474-1A3956D46DE8}") = "presentation", "presentation", "{015FF6C4-14AA-4F57-BCFD-6A2D26378AF9}"
EndProject
Project("{9A19103F-16F7-4668-BE54-9A1E7A4F7556}") = "Store.Web", "presentation\Store.Web\Store.Web.csproj", "{62BE3DA3-53FB-4230-B88E-DDDF3F123EEF}"
EndProject
Project("{9A19103F-16F7-4668-BE54-9A1E7A4F7556}") = "Store.Tests", "domain\Store.Tests\Store.Tests.csproj", "{73AB51C9-90A2-4F02-82BF-C4706EBF38B9}"
EndProject
Project("{FAE04EC0-301F-11D3-BF4B-00C04F79EFBC}") = "Store.Web.Contractors", "presentation\Store.Web.Contractors\Store.Web.Contractors.csproj", "{6575251E-4746-44F5-B19A-AC2E12C212E0}"
EndProject
Project("{2150E333-8FDC-42A3-9474-1A3956D46DE8}") = "plugins", "plugins", "{9A71EBC6-3D85-4D60-BB7C-C922A5809D85}"
EndProject
Project("{FAE04EC0-301F-11D3-BF4B-00C04F79EFBC}") = "Store.YandexKassa", "plugins\Store.YandexKassa\Store.YandexKassa.csproj", "{0F1986A1-D0D1-481E-B19B-2C595361DE30}"
EndProject
Global
	GlobalSection(SolutionConfigurationPlatforms) = preSolution
		Debug|Any CPU = Debug|Any CPU
		Debug|x64 = Debug|x64
		Debug|x86 = Debug|x86
		Release|Any CPU = Release|Any CPU
		Release|x64 = Release|x64
		Release|x86 = Release|x86
	EndGlobalSection
	GlobalSection(ProjectConfigurationPlatforms) = postSolution
		{949F3782-354B-4D03-9A8E-53F8813DF9EA}.Debug|Any CPU.ActiveCfg = Debug|Any CPU
		{949F3782-354B-4D03-9A8E-53F8813DF9EA}.Debug|Any CPU.Build.0 = Debug|Any CPU
		{949F3782-354B-4D03-9A8E-53F8813DF9EA}.Debug|x64.ActiveCfg = Debug|Any CPU
		{949F3782-354B-4D03-9A8E-53F8813DF9EA}.Debug|x64.Build.0 = Debug|Any CPU
		{949F3782-354B-4D03-9A8E-53F8813DF9EA}.Debug|x86.ActiveCfg = Debug|Any CPU
		{949F3782-354B-4D03-9A8E-53F8813DF9EA}.Debug|x86.Build.0 = Debug|Any CPU
		{949F3782-354B-4D03-9A8E-53F8813DF9EA}.Release|Any CPU.ActiveCfg = Release|Any CPU
		{949F3782-354B-4D03-9A8E-53F8813DF9EA}.Release|Any CPU.Build.0 = Release|Any CPU
		{949F3782-354B-4D03-9A8E-53F8813DF9EA}.Release|x64.ActiveCfg = Release|Any CPU
		{949F3782-354B-4D03-9A8E-53F8813DF9EA}.Release|x64.Build.0 = Release|Any CPU
		{949F3782-354B-4D03-9A8E-53F8813DF9EA}.Release|x86.ActiveCfg = Release|Any CPU
		{949F3782-354B-4D03-9A8E-53F8813DF9EA}.Release|x86.Build.0 = Release|Any CPU
		{18BB01E5-B0CA-415F-ABF3-A9377A9D7F89}.Debug|Any CPU.ActiveCfg = Debug|Any CPU
		{18BB01E5-B0CA-415F-ABF3-A9377A9D7F89}.Debug|Any CPU.Build.0 = Debug|Any CPU
		{18BB01E5-B0CA-415F-ABF3-A9377A9D7F89}.Debug|x64.ActiveCfg = Debug|Any CPU
		{18BB01E5-B0CA-415F-ABF3-A9377A9D7F89}.Debug|x64.Build.0 = Debug|Any CPU
		{18BB01E5-B0CA-415F-ABF3-A9377A9D7F89}.Debug|x86.ActiveCfg = Debug|Any CPU
		{18BB01E5-B0CA-415F-ABF3-A9377A9D7F89}.Debug|x86.Build.0 = Debug|Any CPU
		{18BB01E5-B0CA-415F-ABF3-A9377A9D7F89}.Release|Any CPU.ActiveCfg = Release|Any CPU
		{18BB01E5-B0CA-415F-ABF3-A9377A9D7F89}.Release|Any CPU.Build.0 = Release|Any CPU
		{18BB01E5-B0CA-415F-ABF3-A9377A9D7F89}.Release|x64.ActiveCfg = Release|Any CPU
		{18BB01E5-B0CA-415F-ABF3-A9377A9D7F89}.Release|x64.Build.0 = Release|Any CPU
		{18BB01E5-B0CA-415F-ABF3-A9377A9D7F89}.Release|x86.ActiveCfg = Release|Any CPU
		{18BB01E5-B0CA-415F-ABF3-A9377A9D7F89}.Release|x86.Build.0 = Release|Any CPU
		{62BE3DA3-53FB-4230-B88E-DDDF3F123EEF}.Debug|Any CPU.ActiveCfg = Debug|Any CPU
		{62BE3DA3-53FB-4230-B88E-DDDF3F123EEF}.Debug|Any CPU.Build.0 = Debug|Any CPU
		{62BE3DA3-53FB-4230-B88E-DDDF3F123EEF}.Debug|x64.ActiveCfg = Debug|Any CPU
		{62BE3DA3-53FB-4230-B88E-DDDF3F123EEF}.Debug|x64.Build.0 = Debug|Any CPU
		{62BE3DA3-53FB-4230-B88E-DDDF3F123EEF}.Debug|x86.ActiveCfg = Debug|Any CPU
		{62BE3DA3-53FB-4230-B88E-DDDF3F123EEF}.Debug|x86.Build.0 = Debug|Any CPU
		{62BE3DA3-53FB-4230-B88E-DDDF3F123EEF}.Release|Any CPU.ActiveCfg = Release|Any CPU
		{62BE3DA3-53FB-4230-B88E-DDDF3F123EEF}.Release|Any CPU.Build.0 = Release|Any CPU
		{62BE3DA3-53FB-4230-B88E-DDDF3F123EEF}.Release|x64.ActiveCfg = Release|Any CPU
		{62BE3DA3-53FB-4230-B88E-DDDF3F123EEF}.Release|x64.Build.0 = Release|Any CPU
		{62BE3DA3-53FB-4230-B88E-DDDF3F123EEF}.Release|x86.ActiveCfg = Release|Any CPU
		{62BE3DA3-53FB-4230-B88E-DDDF3F123EEF}.Release|x86.Build.0 = Release|Any CPU
		{73AB51C9-90A2-4F02-82BF-C4706EBF38B9}.Debug|Any CPU.ActiveCfg = Debug|Any CPU
		{73AB51C9-90A2-4F02-82BF-C4706EBF38B9}.Debug|Any CPU.Build.0 = Debug|Any CPU
		{73AB51C9-90A2-4F02-82BF-C4706EBF38B9}.Debug|x64.ActiveCfg = Debug|Any CPU
		{73AB51C9-90A2-4F02-82BF-C4706EBF38B9}.Debug|x64.Build.0 = Debug|Any CPU
		{73AB51C9-90A2-4F02-82BF-C4706EBF38B9}.Debug|x86.ActiveCfg = Debug|Any CPU
		{73AB51C9-90A2-4F02-82BF-C4706EBF38B9}.Debug|x86.Build.0 = Debug|Any CPU
		{73AB51C9-90A2-4F02-82BF-C4706EBF38B9}.Release|Any CPU.ActiveCfg = Release|Any CPU
		{73AB51C9-90A2-4F02-82BF-C4706EBF38B9}.Release|Any CPU.Build.0 = Release|Any CPU
		{73AB51C9-90A2-4F02-82BF-C4706EBF38B9}.Release|x64.ActiveCfg = Release|Any CPU
		{73AB51C9-90A2-4F02-82BF-C4706EBF38B9}.Release|x64.Build.0 = Release|Any CPU
		{73AB51C9-90A2-4F02-82BF-C4706EBF38B9}.Release|x86.ActiveCfg = Release|Any CPU
		{73AB51C9-90A2-4F02-82BF-C4706EBF38B9}.Release|x86.Build.0 = Release|Any CPU
		{6575251E-4746-44F5-B19A-AC2E12C212E0}.Debug|Any CPU.ActiveCfg = Debug|Any CPU
		{6575251E-4746-44F5-B19A-AC2E12C212E0}.Debug|Any CPU.Build.0 = Debug|Any CPU
		{6575251E-4746-44F5-B19A-AC2E12C212E0}.Debug|x64.ActiveCfg = Debug|Any CPU
		{6575251E-4746-44F5-B19A-AC2E12C212E0}.Debug|x64.Build.0 = Debug|Any CPU
		{6575251E-4746-44F5-B19A-AC2E12C212E0}.Debug|x86.ActiveCfg = Debug|Any CPU
		{6575251E-4746-44F5-B19A-AC2E12C212E0}.Debug|x86.Build.0 = Debug|Any CPU
		{6575251E-4746-44F5-B19A-AC2E12C212E0}.Release|Any CPU.ActiveCfg = Release|Any CPU
		{6575251E-4746-44F5-B19A-AC2E12C212E0}.Release|Any CPU.Build.0 = Release|Any CPU
		{6575251E-4746-44F5-B19A-AC2E12C212E0}.Release|x64.ActiveCfg = Release|Any CPU
		{6575251E-4746-44F5-B19A-AC2E12C212E0}.Release|x64.Build.0 = Release|Any CPU
		{6575251E-4746-44F5-B19A-AC2E12C212E0}.Release|x86.ActiveCfg = Release|Any CPU
		{6575251E-4746-44F5-B19A-AC2E12C212E0}.Release|x86.Build.0 = Release|Any CPU
		{0F1986A1-D0D1-481E-B19B-2C595361DE30}.Debug|Any CPU.ActiveCfg = Debug|Any CPU
		{0F1986A1-D0D1-481E-B19B-2C595361DE30}.Debug|Any CPU.Build.0 = Debug|Any CPU
		{0F1986A1-D0D1-481E-B19B-2C595361DE30}.Debug|x64.ActiveCfg = Debug|Any CPU
		{0F1986A1-D0D1-481E-B19B-2C595361DE30}.Debug|x64.Build.0 = Debug|Any CPU
		{0F1986A1-D0D1-481E-B19B-2C595361DE30}.Debug|x86.ActiveCfg = Debug|Any CPU
		{0F1986A1-D0D1-481E-B19B-2C595361DE30}.Debug|x86.Build.0 = Debug|Any CPU
		{0F1986A1-D0D1-481E-B19B-2C595361DE30}.Release|Any CPU.ActiveCfg = Release|Any CPU
		{0F1986A1-D0D1-481E-B19B-2C595361DE30}.Release|Any CPU.Build.0 = Release|Any CPU
		{0F1986A1-D0D1-481E-B19B-2C595361DE30}.Release|x64.ActiveCfg = Release|Any CPU
		{0F1986A1-D0D1-481E-B19B-2C595361DE30}.Release|x64.Build.0 = Release|Any CPU
		{0F1986A1-D0D1-481E-B19B-2C595361DE30}.Release|x86.ActiveCfg = Release|Any CPU
		{0F1986A1-D0D1-481E-B19B-2C595361DE30}.Release|x86.Build.0 = Release|Any CPU
	EndGlobalSection
	GlobalSection(SolutionProperties) = preSolution
		HideSolutionNode = FALSE
	EndGlobalSection
	GlobalSection(NestedProjects) = preSolution
		{949F3782-354B-4D03-9A8E-53F8813DF9EA} = {D5E2183D-1B45-42F6-B2CB-216595E7BD16}
		{18BB01E5-B0CA-415F-ABF3-A9377A9D7F89} = {8D151186-934F-4686-941F-81DBEA38EDA6}
		{62BE3DA3-53FB-4230-B88E-DDDF3F123EEF} = {015FF6C4-14AA-4F57-BCFD-6A2D26378AF9}
		{73AB51C9-90A2-4F02-82BF-C4706EBF38B9} = {D5E2183D-1B45-42F6-B2CB-216595E7BD16}
		{6575251E-4746-44F5-B19A-AC2E12C212E0} = {015FF6C4-14AA-4F57-BCFD-6A2D26378AF9}
		{0F1986A1-D0D1-481E-B19B-2C595361DE30} = {9A71EBC6-3D85-4D60-BB7C-C922A5809D85}
	EndGlobalSection
	GlobalSection(ExtensibilityGlobals) = postSolution
		SolutionGuid = {CCF1F119-24BE-48DA-B7D8-C8896D0DA7DB}
	EndGlobalSection
EndGlobal
